
Microsoft Visual Studio Solution File, Format Version 12.00
# Visual Studio Version 16
VisualStudioVersion = 16.0.31410.357
MinimumVisualStudioVersion = 10.0.40219.1
Project("{FAE04EC0-301F-11D3-BF4B-00C04F79EFBC}") = "BTTL", "BTTL\BTTL.csproj", "{767B2BD3-4FF8-44BD-889B-E56B479C0B50}"
EndProject
Global
	GlobalSection(SolutionConfigurationPlatforms) = preSolution
		Debug|Any CPU = Debug|Any CPU
		Release|Any CPU = Release|Any CPU
	EndGlobalSection
	GlobalSection(ProjectConfigurationPlatforms) = postSolution
		{767B2BD3-4FF8-44BD-889B-E56B479C0B50}.Debug|Any CPU.ActiveCfg = Debug|Any CPU
		{767B2BD3-4FF8-44BD-889B-E56B479C0B50}.Debug|Any CPU.Build.0 = Debug|Any CPU
		{767B2BD3-4FF8-44BD-889B-E56B479C0B50}.Release|Any CPU.ActiveCfg = Release|Any CPU
		{767B2BD3-4FF8-44BD-889B-E56B479C0B50}.Release|Any CPU.Build.0 = Release|Any CPU
	EndGlobalSection
	GlobalSection(SolutionProperties) = preSolution
		HideSolutionNode = FALSE
	EndGlobalSection
	GlobalSection(ExtensibilityGlobals) = postSolution
		SolutionGuid = {B3132276-6478-4FCE-A87E-7A5B9F1DCFBF}
	EndGlobalSection
EndGlobal
